schema: '2.0'
stages:
  get_data_from_dwh:
    cmd: "python src/data/get_raw_data_from_jira_api.py --output-path data/raw/raw_jira_tasks_from_api.json\n"
    deps:
    - path: data/raw/.private_params.json
      hash: md5
      md5: fdacb14c0a06ded10dd5fee4b1083b7d
      size: 166
    - path: src/.env
      hash: md5
      md5: a2fdc1ea184c4f61966156b76b88c7ea
      size: 1473
    outs:
    - path: data/raw/raw_jira_tasks_from_api.json
      hash: md5
      md5: 45fb71d2c2553bc28d259ed150dd75b5
      size: 2277016
